// !$*UTF8*$!
{
	archiveVersion = 1;
	classes = {
	};
	objectVersion = 46;
	objects = {

/* Begin PBXBuildFile section */
		E06B5AAF1CA3A10D00E27617 /* AppDelegate.swift in Sources */ = {isa = PBXBuildFile; fileRef = E06B5AAE1CA3A10D00E27617 /* AppDelegate.swift */; };
		E06B5AB11CA3A10D00E27617 /* ViewController.swift in Sources */ = {isa = PBXBuildFile; fileRef = E06B5AB01CA3A10D00E27617 /* ViewController.swift */; };
		E06B5AB41CA3A10D00E27617 /* Main.storyboard in Resources */ = {isa = PBXBuildFile; fileRef = E06B5AB21CA3A10D00E27617 /* Main.storyboard */; };
		E06B5AB61CA3A10D00E27617 /* Assets.xcassets in Resources */ = {isa = PBXBuildFile; fileRef = E06B5AB51CA3A10D00E27617 /* Assets.xcassets */; };
		E06B5AB91CA3A10D00E27617 /* LaunchScreen.storyboard in Resources */ = {isa = PBXBuildFile; fileRef = E06B5AB71CA3A10D00E27617 /* LaunchScreen.storyboard */; };
/* End PBXBuildFile section */

/* Begin PBXFileReference section */
		E06B5AAB1CA3A10D00E27617 /* twitterAppTest.app */ = {isa = PBXFileReference; explicitFileType = wrapper.application; includeInIndex = 0; path = twitterAppTest.app; sourceTree = BUILT_PRODUCTS_DIR; };
		E06B5AAE1CA3A10D00E27617 /* AppDelegate.swift */ = {isa = PBXFileReference; lastKnownFileType = sourcecode.swift; path = AppDelegate.swift; sourceTree = "<group>"; };
		E06B5AB01CA3A10D00E27617 /* ViewController.swift */ = {isa = PBXFileReference; lastKnownFileType = sourcecode.swift; path = ViewController.swift; sourceTree = "<group>"; };
		E06B5AB31CA3A10D00E27617 /* Base */ = {isa = PBXFileReference; lastKnownFileType = file.storyboard; name = Base; path = Base.lproj/Main.storyboard; sourceTree = "<group>"; };
		E06B5AB51CA3A10D00E27617 /* Assets.xcassets */ = {isa = PBXFileReference; lastKnownFileType = folder.assetcatalog; path = Assets.xcassets; sourceTree = "<group>"; };
		E06B5AB81CA3A10D00E27617 /* Base */ = {isa = PBXFileReference; lastKnownFileType = file.storyboard; name = Base; path = Base.lproj/LaunchScreen.storyboard; sourceTree = "<group>"; };
		E06B5ABA1CA3A10D00E27617 /* Info.plist */ = {isa = PBXFileReference; lastKnownFileType = text.plist.xml; path = Info.plist; sourceTree = "<group>"; };
/* End PBXFileReference section */

/* Begin PBXFrameworksBuildPhase section */
		E06B5AA81CA3A10D00E27617 /* Frameworks */ = {
			isa = PBXFrameworksBuildPhase;
			buildActionMask = 2147483647;
			files = (
			);
			runOnlyForDeploymentPostprocessing = 0;
		};
/* End PBXFrameworksBuildPhase section */

/* Begin PBXGroup section */
		E06B5AA21CA3A10C00E27617 = {
			isa = PBXGroup;
			children = (
				E06B5AAD1CA3A10D00E27617 /* twitterAppTest */,
				E06B5AAC1CA3A10D00E27617 /* Products */,
			);
			sourceTree = "<group>";
		};
		E06B5AAC1CA3A10D00E27617 /* Products */ = {
			isa = PBXGroup;
			children = (
				E06B5AAB1CA3A10D00E27617 /* twitterAppTest.app */,
			);
			name = Products;
			sourceTree = "<group>";
		};
		E06B5AAD1CA3A10D00E27617 /* twitterAppTest */ = {
			isa = PBXGroup;
			children = (
				E06B5AAE1CA3A10D00E27617 /* AppDelegate.swift */,
				E06B5AB01CA3A10D00E27617 /* ViewController.swift */,
				E06B5AB21CA3A10D00E27617 /* Main.storyboard */,
				E06B5AB51CA3A10D00E27617 /* Assets.xcassets */,
				E06B5AB71CA3A10D00E27617 /* LaunchScreen.storyboard */,
				E06B5ABA1CA3A10D00E27617 /* Info.plist */,
			);
			path = twitterAppTest;
			sourceTree = "<group>";
		};
/* End PBXGroup section */

/* Begin PBXNativeTarget section */
		E06B5AAA1CA3A10D00E27617 /* twitterAppTest */ = {
			isa = PBXNativeTarget;
			buildConfigurationList = E06B5ABD1CA3A10D00E27617 /* Build configuration list for PBXNativeTarget "twitterAppTest" */;
			buildPhases = (
				E06B5AA71CA3A10D00E27617 /* Sources */,
				E06B5AA81CA3A10D00E27617 /* Frameworks */,
				E06B5AA91CA3A10D00E27617 /* Resources */,
			);
			buildRules = (
			);
			dependencies = (
			);
			name = twitterAppTest;
			productName = twitterAppTest;
			productReference = E06B5AAB1CA3A10D00E27617 /* twitterAppTest.app */;
			productType = "com.apple.product-type.application";
		};
/* End PBXNativeTarget section */

/* Begin PBXProject section */
		E06B5AA31CA3A10C00E27617 /* Project object */ = {
			isa = PBXProject;
			attributes = {
				LastSwiftUpdateCheck = 0710;
				LastUpgradeCheck = 0710;
				ORGANIZATIONNAME = jackyCode.com;
				TargetAttributes = {
					E06B5AAA1CA3A10D00E27617 = {
						CreatedOnToolsVersion = 7.1.1;
					};
				};
			};
			buildConfigurationList = E06B5AA61CA3A10C00E27617 /* Build configuration list for PBXProject "twitterAppTest" */;
			compatibilityVersion = "Xcode 3.2";
			developmentRegion = English;
			hasScannedForEncodings = 0;
			knownRegions = (
				en,
				Base,
			);
			mainGroup = E06B5AA21CA3A10C00E27617;
			productRefGroup = E06B5AAC1CA3A10D00E27617 /* Products */;
			projectDirPath = "";
			projectRoot = "";
			targets = (
				E06B5AAA1CA3A10D00E27617 /* twitterAppTest */,
			);
		};
/* End PBXProject section */

/* Begin PBXResourcesBuildPhase section */
		E06B5AA91CA3A10D00E27617 /* Resources */ = {
			isa = PBXResourcesBuildPhase;
			buildActionMask = 2147483647;
			files = (
				E06B5AB91CA3A10D00E27617 /* LaunchScreen.storyboard in Resources */,
				E06B5AB61CA3A10D00E27617 /* Assets.xcassets in Resources */,
				E06B5AB41CA3A10D00E27617 /* Main.storyboard in Resources */,
			);
			runOnlyForDeploymentPostprocessing = 0;
		};
/* End PBXResourcesBuildPhase section */

/* Begin PBXSourcesBuildPhase section */
		E06B5AA71CA3A10D00E27617 /* Sources */ = {
			isa = PBXSourcesBuildPhase;
			buildActionMask = 2147483647;
			files = (
				E06B5AB11CA3A10D00E27617 /* ViewController.swift in Sources */,
				E06B5AAF1CA3A10D00E27617 /* AppDelegate.swift in Sources */,
			);
			runOnlyForDeploymentPostprocessing = 0;
		};
/* End PBXSourcesBuildPhase section */

/* Begin PBXVariantGroup section */
		E06B5AB21CA3A10D00E27617 /* Main.storyboard */ = {
			isa = PBXVariantGroup;
			children = (
				E06B5AB31CA3A10D00E27617 /* Base */,
			);
			name = Main.storyboard;
			sourceTree = "<group>";
		};
		E06B5AB71CA3A10D00E27617 /* LaunchScreen.storyboard */ = {
			isa = PBXVariantGroup;
			children = (
				E06B5AB81CA3A10D00E27617 /* Base */,
			);
			name = LaunchScreen.storyboard;
			sourceTree = "<group>";
		};
/* End PBXVariantGroup section */

/* Begin XCBuildConfiguration section */
		E06B5ABB1CA3A10D00E27617 /* Debug */ = {
			isa = XCBuildConfiguration;
			buildSettings = {
				ALWAYS_SEARCH_USER_PATHS = NO;
				CLANG_CXX_LANGUAGE_STANDARD = "gnu++0x";
				CLANG_CXX_LIBRARY = "libc++";
				CLANG_ENABLE_MODULES = YES;
				CLANG_ENABLE_OBJC_ARC = YES;
				CLANG_WARN_BOOL_CONVERSION = YES;
				CLANG_WARN_CONSTANT_CONVERSION = YES;
				CLANG_WARN_DIRECT_OBJC_ISA_USAGE = YES_ERROR;
				CLANG_WARN_EMPTY_BODY = YES;
				CLANG_WARN_ENUM_CONVERSION = YES;
				CLANG_WARN_INT_CONVERSION = YES;
				CLANG_WARN_OBJC_ROOT_CLASS = YES_ERROR;
				CLANG_WARN_UNREACHABLE_CODE = YES;
				CLANG_WARN__DUPLICATE_METHOD_MATCH = YES;
				"CODE_SIGN_IDENTITY[sdk=iphoneos*]" = "iPhone Developer";
				COPY_PHASE_STRIP = NO;
				DEBUG_INFORMATION_FORMAT = dwarf;
				ENABLE_STRICT_OBJC_MSGSEND = YES;
				ENABLE_TESTABILITY = YES;
				GCC_C_LANGUAGE_STANDARD = gnu99;
				GCC_DYNAMIC_NO_PIC = NO;
				GCC_NO_COMMON_BLOCKS = YES;
				GCC_OPTIMIZATION_LEVEL = 0;
				GCC_PREPROCESSOR_DEFINITIONS = (
					"DEBUG=1",
					"$(inherited)",
				);
				GCC_WARN_64_TO_32_BIT_CONVERSION = YES;
				GCC_WARN_ABOUT_RETURN_TYPE = YES_ERROR;
				GCC_WARN_UNDECLARED_SELECTOR = YES;
				GCC_WARN_UNINITIALIZED_AUTOS = YES_AGGRESSIVE;
				GCC_WARN_UNUSED_FUNCTION = YES;
				GCC_WARN_UNUSED_VARIABLE = YES;
				IPHONEOS_DEPLOYMENT_TARGET = 9.1;
				MTL_ENABLE_DEBUG_INFO = YES;
				ONLY_ACTIVE_ARCH = YES;
				SDKROOT = iphoneos;
				SWIFT_OPTIMIZATION_LEVEL = "-Onone";
			};
			name = Debug;
		};
		E06B5ABC1CA3A10D00E27617 /* Release */ = {
			isa = XCBuildConfiguration;
			buildSettings = {
				ALWAYS_SEARCH_USER_PATHS = NO;
				CLANG_CXX_LANGUAGE_STANDARD = "gnu++0x";
				CLANG_CXX_LIBRARY = "libc++";
				CLANG_ENABLE_MODULES = YES;
				CLANG_ENABLE_OBJC_ARC = YES;
				CLANG_WARN_BOOL_CONVERSION = YES;
				CLANG_WARN_CONSTANT_CONVERSION = YES;
				CLANG_WARN_DIRECT_OBJC_ISA_USAGE = YES_ERROR;
				CLANG_WARN_EMPTY_BODY = YES;
				CLANG_WARN_ENUM_CONVERSION = YES;
				CLANG_WARN_INT_CONVERSION = YES;
				CLANG_WARN_OBJC_ROOT_CLASS = YES_ERROR;
				CLANG_WARN_UNREACHABLE_CODE = YES;
				CLANG_WARN__DUPLICATE_METHOD_MATCH = YES;
				"CODE_SIGN_IDENTITY[sdk=iphoneos*]" = "iPhone Developer";
				COPY_PHASE_STRIP = NO;
				DEBUG_INFORMATION_FORMAT = "dwarf-with-dsym";
				ENABLE_NS_ASSERTIONS = NO;
				ENABLE_STRICT_OBJC_MSGSEND = YES;
				GCC_C_LANGUAGE_STANDARD = gnu99;
				GCC_NO_COMMON_BLOCKS = YES;
				GCC_WARN_64_TO_32_BIT_CONVERSION = YES;
				GCC_WARN_ABOUT_RETURN_TYPE = YES_ERROR;
				GCC_WARN_UNDECLARED_SELECTOR = YES;
				GCC_WARN_UNINITIALIZED_AUTOS = YES_AGGRESSIVE;
				GCC_WARN_UNUSED_FUNCTION = YES;
				GCC_WARN_UNUSED_VARIABLE = YES;
				IPHONEOS_DEPLOYMENT_TARGET = 9.1;
				MTL_ENABLE_DEBUG_INFO = NO;
				SDKROOT = iphoneos;
				VALIDATE_PRODUCT = YES;
			};
			name = Release;
		};
		E06B5ABE1CA3A10D00E27617 /* Debug */ = {
			isa = XCBuildConfiguration;
			buildSettings = {
				ASSETCATALOG_COMPILER_APPICON_NAME = AppIcon;
				INFOPLIST_FILE = twitterAppTest/Info.plist;
				LD_RUNPATH_SEARCH_PATHS = "$(inherited) @executable_path/Frameworks";
				PRODUCT_BUNDLE_IDENTIFIER = jacky.apppro.twitterAppTest;
				PRODUCT_NAME = "$(TARGET_NAME)";
			};
			name = Debug;
		};
		E06B5ABF1CA3A10D00E27617 /* Release */ = {
			isa = XCBuildConfiguration;
			buildSettings = {
				ASSETCATALOG_COMPILER_APPICON_NAME = AppIcon;
				INFOPLIST_FILE = twitterAppTest/Info.plist;
				LD_RUNPATH_SEARCH_PATHS = "$(inherited) @executable_path/Frameworks";
				PRODUCT_BUNDLE_IDENTIFIER = jacky.apppro.twitterAppTest;
				PRODUCT_NAME = "$(TARGET_NAME)";
			};
			name = Release;
		};
/* End XCBuildConfiguration section */

/* Begin XCConfigurationList section */
		E06B5AA61CA3A10C00E27617 /* Build configuration list for PBXProject "twitterAppTest" */ = {
			isa = XCConfigurationList;
			buildConfigurations = (
				E06B5ABB1CA3A10D00E27617 /* Debug */,
				E06B5ABC1CA3A10D00E27617 /* Release */,
			);
			defaultConfigurationIsVisible = 0;
			defaultConfigurationName = Release;
		};
		E06B5ABD1CA3A10D00E27617 /* Build configuration list for PBXNativeTarget "twitterAppTest" */ = {
			isa = XCConfigurationList;
			buildConfigurations = (
				E06B5ABE1CA3A10D00E27617 /* Debug */,
				E06B5ABF1CA3A10D00E27617 /* Release */,
			);
			defaultConfigurationIsVisible = 0;
		};
/* End XCConfigurationList section */
	};
	rootObject = E06B5AA31CA3A10C00E27617 /* Project object */;
}
